
Microsoft Visual Studio Solution File, Format Version 12.00
# Visual Studio Version 17
VisualStudioVersion = 17.3.32929.385
MinimumVisualStudioVersion = 10.0.40219.1
Project("{FAE04EC0-301F-11D3-BF4B-00C04F79EFBC}") = "MyProject", "MyProject\MyProject.csproj", "{002BC215-ED88-460C-B3E5-6EAE2C4AFA90}"
EndProject
Global
	GlobalSection(SolutionConfigurationPlatforms) = preSolution
		Debug|Any CPU = Debug|Any CPU
		Release|Any CPU = Release|Any CPU
	EndGlobalSection
	GlobalSection(ProjectConfigurationPlatforms) = postSolution
		{002BC215-ED88-460C-B3E5-6EAE2C4AFA90}.Debug|Any CPU.ActiveCfg = Debug|Any CPU
		{002BC215-ED88-460C-B3E5-6EAE2C4AFA90}.Debug|Any CPU.Build.0 = Debug|Any CPU
		{002BC215-ED88-460C-B3E5-6EAE2C4AFA90}.Release|Any CPU.ActiveCfg = Release|Any CPU
		{002BC215-ED88-460C-B3E5-6EAE2C4AFA90}.Release|Any CPU.Build.0 = Release|Any CPU
	EndGlobalSection
	GlobalSection(SolutionProperties) = preSolution
		HideSolutionNode = FALSE
	EndGlobalSection
	GlobalSection(ExtensibilityGlobals) = postSolution
		SolutionGuid = {35805C69-908D-4C8A-972B-A8C275AAC769}
	EndGlobalSection
EndGlobal
